
Microsoft Visual Studio Solution File, Format Version 12.00
# Visual Studio Version 16
VisualStudioVersion = 16.0.30114.105
MinimumVisualStudioVersion = 10.0.40219.1
Project("{2150E333-8FDC-42A3-9474-1A3956D46DE8}") = "src", "src", "{D6BE46A1-BCBF-4D7E-A89E-C7B5EBE18CBE}"
EndProject
Project("{2150E333-8FDC-42A3-9474-1A3956D46DE8}") = "Services", "Services", "{80952D63-C0D5-41D0-9752-32CDB158BE37}"
EndProject
Project("{2150E333-8FDC-42A3-9474-1A3956D46DE8}") = "Stocks", "Stocks", "{06E5A189-B73C-4902-89AA-E0017262C941}"
EndProject
Project("{FAE04EC0-301F-11D3-BF4B-00C04F79EFBC}") = "API", "src\Services\Stocks\API\API.csproj", "{9B462D64-29BB-452B-86B7-C2304FC2A26B}"
EndProject
Project("{FAE04EC0-301F-11D3-BF4B-00C04F79EFBC}") = "Tests", "src\Services\Stocks\Tests\Tests.csproj", "{5F3A0F60-B785-4C55-BE27-75FAB1CC4255}"
EndProject
Project("{2150E333-8FDC-42A3-9474-1A3956D46DE8}") = "Chat", "Chat", "{48A79EC4-32D7-44E1-89DF-9281DEAD73C1}"
EndProject
Project("{FAE04EC0-301F-11D3-BF4B-00C04F79EFBC}") = "API", "src\Services\Chat\API\API.csproj", "{A9C34D90-C452-4097-BCDD-C68245B9A423}"
EndProject
Project("{FAE04EC0-301F-11D3-BF4B-00C04F79EFBC}") = "Tests", "src\Services\Chat\Tests\Tests.csproj", "{845B871C-4E63-4F43-B4F9-8230E54FE7B5}"
EndProject
Project("{FAE04EC0-301F-11D3-BF4B-00C04F79EFBC}") = "Client", "src\Client\Client.csproj", "{0FFF08E8-5828-4A7E-8FB9-93A1FE65FA44}"
EndProject
Global
	GlobalSection(SolutionConfigurationPlatforms) = preSolution
		Debug|Any CPU = Debug|Any CPU
		Release|Any CPU = Release|Any CPU
	EndGlobalSection
	GlobalSection(SolutionProperties) = preSolution
		HideSolutionNode = FALSE
	EndGlobalSection
	GlobalSection(ProjectConfigurationPlatforms) = postSolution
		{9B462D64-29BB-452B-86B7-C2304FC2A26B}.Debug|Any CPU.ActiveCfg = Debug|Any CPU
		{9B462D64-29BB-452B-86B7-C2304FC2A26B}.Debug|Any CPU.Build.0 = Debug|Any CPU
		{9B462D64-29BB-452B-86B7-C2304FC2A26B}.Release|Any CPU.ActiveCfg = Release|Any CPU
		{9B462D64-29BB-452B-86B7-C2304FC2A26B}.Release|Any CPU.Build.0 = Release|Any CPU
		{5F3A0F60-B785-4C55-BE27-75FAB1CC4255}.Debug|Any CPU.ActiveCfg = Debug|Any CPU
		{5F3A0F60-B785-4C55-BE27-75FAB1CC4255}.Debug|Any CPU.Build.0 = Debug|Any CPU
		{5F3A0F60-B785-4C55-BE27-75FAB1CC4255}.Release|Any CPU.ActiveCfg = Release|Any CPU
		{5F3A0F60-B785-4C55-BE27-75FAB1CC4255}.Release|Any CPU.Build.0 = Release|Any CPU
		{A9C34D90-C452-4097-BCDD-C68245B9A423}.Debug|Any CPU.ActiveCfg = Debug|Any CPU
		{A9C34D90-C452-4097-BCDD-C68245B9A423}.Debug|Any CPU.Build.0 = Debug|Any CPU
		{A9C34D90-C452-4097-BCDD-C68245B9A423}.Release|Any CPU.ActiveCfg = Release|Any CPU
		{A9C34D90-C452-4097-BCDD-C68245B9A423}.Release|Any CPU.Build.0 = Release|Any CPU
		{845B871C-4E63-4F43-B4F9-8230E54FE7B5}.Debug|Any CPU.ActiveCfg = Debug|Any CPU
		{845B871C-4E63-4F43-B4F9-8230E54FE7B5}.Debug|Any CPU.Build.0 = Debug|Any CPU
		{845B871C-4E63-4F43-B4F9-8230E54FE7B5}.Release|Any CPU.ActiveCfg = Release|Any CPU
		{845B871C-4E63-4F43-B4F9-8230E54FE7B5}.Release|Any CPU.Build.0 = Release|Any CPU
		{0FFF08E8-5828-4A7E-8FB9-93A1FE65FA44}.Debug|Any CPU.ActiveCfg = Debug|Any CPU
		{0FFF08E8-5828-4A7E-8FB9-93A1FE65FA44}.Debug|Any CPU.Build.0 = Debug|Any CPU
		{0FFF08E8-5828-4A7E-8FB9-93A1FE65FA44}.Release|Any CPU.ActiveCfg = Release|Any CPU
		{0FFF08E8-5828-4A7E-8FB9-93A1FE65FA44}.Release|Any CPU.Build.0 = Release|Any CPU
	EndGlobalSection
	GlobalSection(NestedProjects) = preSolution
		{80952D63-C0D5-41D0-9752-32CDB158BE37} = {D6BE46A1-BCBF-4D7E-A89E-C7B5EBE18CBE}
		{06E5A189-B73C-4902-89AA-E0017262C941} = {80952D63-C0D5-41D0-9752-32CDB158BE37}
		{9B462D64-29BB-452B-86B7-C2304FC2A26B} = {06E5A189-B73C-4902-89AA-E0017262C941}
		{5F3A0F60-B785-4C55-BE27-75FAB1CC4255} = {06E5A189-B73C-4902-89AA-E0017262C941}
		{48A79EC4-32D7-44E1-89DF-9281DEAD73C1} = {80952D63-C0D5-41D0-9752-32CDB158BE37}
		{A9C34D90-C452-4097-BCDD-C68245B9A423} = {48A79EC4-32D7-44E1-89DF-9281DEAD73C1}
		{845B871C-4E63-4F43-B4F9-8230E54FE7B5} = {48A79EC4-32D7-44E1-89DF-9281DEAD73C1}
		{0FFF08E8-5828-4A7E-8FB9-93A1FE65FA44} = {D6BE46A1-BCBF-4D7E-A89E-C7B5EBE18CBE}
	EndGlobalSection
EndGlobal
